
Microsoft Visual Studio Solution File, Format Version 12.00
# Visual Studio Version 16
VisualStudioVersion = 16.0.30523.141
MinimumVisualStudioVersion = 10.0.40219.1
Project("{FAE04EC0-301F-11D3-BF4B-00C04F79EFBC}") = "Employees.Desktop", "Employees.Desktop\Employees.Desktop.csproj", "{11538AB4-5288-4148-8495-5E6636D828F9}"
EndProject
Global
	GlobalSection(SolutionConfigurationPlatforms) = preSolution
		Debug|Any CPU = Debug|Any CPU
		Release|Any CPU = Release|Any CPU
	EndGlobalSection
	GlobalSection(ProjectConfigurationPlatforms) = postSolution
		{11538AB4-5288-4148-8495-5E6636D828F9}.Debug|Any CPU.ActiveCfg = Debug|Any CPU
		{11538AB4-5288-4148-8495-5E6636D828F9}.Debug|Any CPU.Build.0 = Debug|Any CPU
		{11538AB4-5288-4148-8495-5E6636D828F9}.Release|Any CPU.ActiveCfg = Release|Any CPU
		{11538AB4-5288-4148-8495-5E6636D828F9}.Release|Any CPU.Build.0 = Release|Any CPU
	EndGlobalSection
	GlobalSection(SolutionProperties) = preSolution
		HideSolutionNode = FALSE
	EndGlobalSection
	GlobalSection(ExtensibilityGlobals) = postSolution
		SolutionGuid = {5EEF5A7D-B851-418D-B091-84C5A3585C66}
	EndGlobalSection
EndGlobal
